
Microsoft Visual Studio Solution File, Format Version 12.00
# Visual Studio Version 17
VisualStudioVersion = 17.3.32922.545
MinimumVisualStudioVersion = 10.0.40219.1
Project("{FAE04EC0-301F-11D3-BF4B-00C04F79EFBC}") = "ShopeeFood_Web", "ShopeeFood_Web\ShopeeFood_Web.csproj", "{E8648984-FFDC-4F86-A264-9E4583C68DFE}"
EndProject
Global
	GlobalSection(SolutionConfigurationPlatforms) = preSolution
		Debug|Any CPU = Debug|Any CPU
		Release|Any CPU = Release|Any CPU
	EndGlobalSection
	GlobalSection(ProjectConfigurationPlatforms) = postSolution
		{E8648984-FFDC-4F86-A264-9E4583C68DFE}.Debug|Any CPU.ActiveCfg = Debug|Any CPU
		{E8648984-FFDC-4F86-A264-9E4583C68DFE}.Debug|Any CPU.Build.0 = Debug|Any CPU
		{E8648984-FFDC-4F86-A264-9E4583C68DFE}.Release|Any CPU.ActiveCfg = Release|Any CPU
		{E8648984-FFDC-4F86-A264-9E4583C68DFE}.Release|Any CPU.Build.0 = Release|Any CPU
	EndGlobalSection
	GlobalSection(SolutionProperties) = preSolution
		HideSolutionNode = FALSE
	EndGlobalSection
	GlobalSection(ExtensibilityGlobals) = postSolution
		SolutionGuid = {3C45029A-C303-42E6-9F57-084BC44FB348}
	EndGlobalSection
EndGlobal
